
Microsoft Visual Studio Solution File, Format Version 12.00
Project("{FAE04EC0-301F-11D3-BF4B-00C04F79EFBC}") = "UL.Factorial.App", "UL.Factorial.App\UL.Factorial.App.csproj", "{AD8C4EB2-3430-46AA-B5A0-71490A51E436}"
EndProject
Project("{FAE04EC0-301F-11D3-BF4B-00C04F79EFBC}") = "UL.Factorial.App.Tests", "UL.Factorial.App.Tests\UL.Factorial.App.Tests.csproj", "{BB323AA1-5A31-4022-8A55-D82F9A41B79C}"
EndProject
Global
	GlobalSection(SolutionConfigurationPlatforms) = preSolution
		Debug|Any CPU = Debug|Any CPU
		Release|Any CPU = Release|Any CPU
	EndGlobalSection
	GlobalSection(ProjectConfigurationPlatforms) = postSolution
		{AD8C4EB2-3430-46AA-B5A0-71490A51E436}.Debug|Any CPU.ActiveCfg = Debug|Any CPU
		{AD8C4EB2-3430-46AA-B5A0-71490A51E436}.Debug|Any CPU.Build.0 = Debug|Any CPU
		{AD8C4EB2-3430-46AA-B5A0-71490A51E436}.Release|Any CPU.ActiveCfg = Release|Any CPU
		{AD8C4EB2-3430-46AA-B5A0-71490A51E436}.Release|Any CPU.Build.0 = Release|Any CPU
		{BB323AA1-5A31-4022-8A55-D82F9A41B79C}.Debug|Any CPU.ActiveCfg = Debug|Any CPU
		{BB323AA1-5A31-4022-8A55-D82F9A41B79C}.Debug|Any CPU.Build.0 = Debug|Any CPU
		{BB323AA1-5A31-4022-8A55-D82F9A41B79C}.Release|Any CPU.ActiveCfg = Release|Any CPU
		{BB323AA1-5A31-4022-8A55-D82F9A41B79C}.Release|Any CPU.Build.0 = Release|Any CPU
	EndGlobalSection
EndGlobal
